// !$*UTF8*$!
{
	archiveVersion = 1;
	classes = {
	};
	objectVersion = 46;
	objects = {

/* Begin PBXBuildFile section */
		A8088376198A305E0042681F /* Foundation.framework in Frameworks */ = {isa = PBXBuildFile; fileRef = A8088375198A305E0042681F /* Foundation.framework */; };
		A8088378198A305E0042681F /* CoreGraphics.framework in Frameworks */ = {isa = PBXBuildFile; fileRef = A8088377198A305E0042681F /* CoreGraphics.framework */; };
		A808837A198A305E0042681F /* UIKit.framework in Frameworks */ = {isa = PBXBuildFile; fileRef = A8088379198A305E0042681F /* UIKit.framework */; };
		A8088380198A305E0042681F /* InfoPlist.strings in Resources */ = {isa = PBXBuildFile; fileRef = A808837E198A305E0042681F /* InfoPlist.strings */; };
		A8088382198A305E0042681F /* main.m in Sources */ = {isa = PBXBuildFile; fileRef = A8088381198A305E0042681F /* main.m */; };
		A8088386198A305E0042681F /* BIDAppDelegate.m in Sources */ = {isa = PBXBuildFile; fileRef = A8088385198A305E0042681F /* BIDAppDelegate.m */; };
		A8088388198A305E0042681F /* Images.xcassets in Resources */ = {isa = PBXBuildFile; fileRef = A8088387198A305E0042681F /* Images.xcassets */; };
		A808838F198A305F0042681F /* XCTest.framework in Frameworks */ = {isa = PBXBuildFile; fileRef = A808838E198A305F0042681F /* XCTest.framework */; };
		A8088390198A305F0042681F /* Foundation.framework in Frameworks */ = {isa = PBXBuildFile; fileRef = A8088375198A305E0042681F /* Foundation.framework */; };
		A8088391198A305F0042681F /* UIKit.framework in Frameworks */ = {isa = PBXBuildFile; fileRef = A8088379198A305E0042681F /* UIKit.framework */; };
		A8088399198A305F0042681F /* InfoPlist.strings in Resources */ = {isa = PBXBuildFile; fileRef = A8088397198A305F0042681F /* InfoPlist.strings */; };
		A808839B198A305F0042681F /* TapTapsTests.m in Sources */ = {isa = PBXBuildFile; fileRef = A808839A198A305F0042681F /* TapTapsTests.m */; };
		A80883A7198A30760042681F /* BIDViewController.m in Sources */ = {isa = PBXBuildFile; fileRef = A80883A5198A30760042681F /* BIDViewController.m */; };
		A80883A8198A30760042681F /* BIDViewController.xib in Resources */ = {isa = PBXBuildFile; fileRef = A80883A6198A30760042681F /* BIDViewController.xib */; };
/* End PBXBuildFile section */

/* Begin PBXContainerItemProxy section */
		A8088392198A305F0042681F /* PBXContainerItemProxy */ = {
			isa = PBXContainerItemProxy;
			containerPortal = A808836A198A305E0042681F /* Project object */;
			proxyType = 1;
			remoteGlobalIDString = A8088371198A305E0042681F;
			remoteInfo = TapTaps;
		};
/* End PBXContainerItemProxy section */

/* Begin PBXFileReference section */
		A8088372198A305E0042681F /* TapTaps.app */ = {isa = PBXFileReference; explicitFileType = wrapper.application; includeInIndex = 0; path = TapTaps.app; sourceTree = BUILT_PRODUCTS_DIR; };
		A8088375198A305E0042681F /* Foundation.framework */ = {isa = PBXFileReference; lastKnownFileType = wrapper.framework; name = Foundation.framework; path = System/Library/Frameworks/Foundation.framework; sourceTree = SDKROOT; };
		A8088377198A305E0042681F /* CoreGraphics.framework */ = {isa = PBXFileReference; lastKnownFileType = wrapper.framework; name = CoreGraphics.framework; path = System/Library/Frameworks/CoreGraphics.framework; sourceTree = SDKROOT; };
		A8088379198A305E0042681F /* UIKit.framework */ = {isa = PBXFileReference; lastKnownFileType = wrapper.framework; name = UIKit.framework; path = System/Library/Frameworks/UIKit.framework; sourceTree = SDKROOT; };
		A808837D198A305E0042681F /* TapTaps-Info.plist */ = {isa = PBXFileReference; lastKnownFileType = text.plist.xml; path = "TapTaps-Info.plist"; sourceTree = "<group>"; };
		A808837F198A305E0042681F /* en */ = {isa = PBXFileReference; lastKnownFileType = text.plist.strings; name = en; path = en.lproj/InfoPlist.strings; sourceTree = "<group>"; };
		A8088381198A305E0042681F /* main.m */ = {isa = PBXFileReference; lastKnownFileType = sourcecode.c.objc; path = main.m; sourceTree = "<group>"; };
		A8088383198A305E0042681F /* TapTaps-Prefix.pch */ = {isa = PBXFileReference; lastKnownFileType = sourcecode.c.h; path = "TapTaps-Prefix.pch"; sourceTree = "<group>"; };
		A8088384198A305E0042681F /* BIDAppDelegate.h */ = {isa = PBXFileReference; lastKnownFileType = sourcecode.c.h; path = BIDAppDelegate.h; sourceTree = "<group>"; };
		A8088385198A305E0042681F /* BIDAppDelegate.m */ = {isa = PBXFileReference; lastKnownFileType = sourcecode.c.objc; path = BIDAppDelegate.m; sourceTree = "<group>"; };
		A8088387198A305E0042681F /* Images.xcassets */ = {isa = PBXFileReference; lastKnownFileType = folder.assetcatalog; path = Images.xcassets; sourceTree = "<group>"; };
		A808838D198A305F0042681F /* TapTapsTests.xctest */ = {isa = PBXFileReference; explicitFileType = wrapper.cfbundle; includeInIndex = 0; path = TapTapsTests.xctest; sourceTree = BUILT_PRODUCTS_DIR; };
		A808838E198A305F0042681F /* XCTest.framework */ = {isa = PBXFileReference; lastKnownFileType = wrapper.framework; name = XCTest.framework; path = Library/Frameworks/XCTest.framework; sourceTree = DEVELOPER_DIR; };
		A8088396198A305F0042681F /* TapTapsTests-Info.plist */ = {isa = PBXFileReference; lastKnownFileType = text.plist.xml; path = "TapTapsTests-Info.plist"; sourceTree = "<group>"; };
		A8088398198A305F0042681F /* en */ = {isa = PBXFileReference; lastKnownFileType = text.plist.strings; name = en; path = en.lproj/InfoPlist.strings; sourceTree = "<group>"; };
		A808839A198A305F0042681F /* TapTapsTests.m */ = {isa = PBXFileReference; lastKnownFileType = sourcecode.c.objc; path = TapTapsTests.m; sourceTree = "<group>"; };
		A80883A4198A30760042681F /* BIDViewController.h */ = {isa = PBXFileReference; fileEncoding = 4; lastKnownFileType = sourcecode.c.h; path = BIDViewController.h; sourceTree = "<group>"; };
		A80883A5198A30760042681F /* BIDViewController.m */ = {isa = PBXFileReference; fileEncoding = 4; lastKnownFileType = sourcecode.c.objc; path = BIDViewController.m; sourceTree = "<group>"; };
		A80883A6198A30760042681F /* BIDViewController.xib */ = {isa = PBXFileReference; fileEncoding = 4; lastKnownFileType = file.xib; path = BIDViewController.xib; sourceTree = "<group>"; };
/* End PBXFileReference section */

/* Begin PBXFrameworksBuildPhase section */
		A808836F198A305E0042681F /* Frameworks */ = {
			isa = PBXFrameworksBuildPhase;
			buildActionMask = 2147483647;
			files = (
				A8088378198A305E0042681F /* CoreGraphics.framework in Frameworks */,
				A808837A198A305E0042681F /* UIKit.framework in Frameworks */,
				A8088376198A305E0042681F /* Foundation.framework in Frameworks */,
			);
			runOnlyForDeploymentPostprocessing = 0;
		};
		A808838A198A305F0042681F /* Frameworks */ = {
			isa = PBXFrameworksBuildPhase;
			buildActionMask = 2147483647;
			files = (
				A808838F198A305F0042681F /* XCTest.framework in Frameworks */,
				A8088391198A305F0042681F /* UIKit.framework in Frameworks */,
				A8088390198A305F0042681F /* Foundation.framework in Frameworks */,
			);
			runOnlyForDeploymentPostprocessing = 0;
		};
/* End PBXFrameworksBuildPhase section */

/* Begin PBXGroup section */
		A8088369198A305E0042681F = {
			isa = PBXGroup;
			children = (
				A808837B198A305E0042681F /* TapTaps */,
				A8088394198A305F0042681F /* TapTapsTests */,
				A8088374198A305E0042681F /* Frameworks */,
				A8088373198A305E0042681F /* Products */,
			);
			sourceTree = "<group>";
		};
		A8088373198A305E0042681F /* Products */ = {
			isa = PBXGroup;
			children = (
				A8088372198A305E0042681F /* TapTaps.app */,
				A808838D198A305F0042681F /* TapTapsTests.xctest */,
			);
			name = Products;
			sourceTree = "<group>";
		};
		A8088374198A305E0042681F /* Frameworks */ = {
			isa = PBXGroup;
			children = (
				A8088375198A305E0042681F /* Foundation.framework */,
				A8088377198A305E0042681F /* CoreGraphics.framework */,
				A8088379198A305E0042681F /* UIKit.framework */,
				A808838E198A305F0042681F /* XCTest.framework */,
			);
			name = Frameworks;
			sourceTree = "<group>";
		};
		A808837B198A305E0042681F /* TapTaps */ = {
			isa = PBXGroup;
			children = (
				A8088384198A305E0042681F /* BIDAppDelegate.h */,
				A8088385198A305E0042681F /* BIDAppDelegate.m */,
				A80883A4198A30760042681F /* BIDViewController.h */,
				A80883A5198A30760042681F /* BIDViewController.m */,
				A80883A6198A30760042681F /* BIDViewController.xib */,
				A8088387198A305E0042681F /* Images.xcassets */,
				A808837C198A305E0042681F /* Supporting Files */,
			);
			path = TapTaps;
			sourceTree = "<group>";
		};
		A808837C198A305E0042681F /* Supporting Files */ = {
			isa = PBXGroup;
			children = (
				A808837D198A305E0042681F /* TapTaps-Info.plist */,
				A808837E198A305E0042681F /* InfoPlist.strings */,
				A8088381198A305E0042681F /* main.m */,
				A8088383198A305E0042681F /* TapTaps-Prefix.pch */,
			);
			name = "Supporting Files";
			sourceTree = "<group>";
		};
		A8088394198A305F0042681F /* TapTapsTests */ = {
			isa = PBXGroup;
			children = (
				A808839A198A305F0042681F /* TapTapsTests.m */,
				A8088395198A305F0042681F /* Supporting Files */,
			);
			path = TapTapsTests;
			sourceTree = "<group>";
		};
		A8088395198A305F0042681F /* Supporting Files */ = {
			isa = PBXGroup;
			children = (
				A8088396198A305F0042681F /* TapTapsTests-Info.plist */,
				A8088397198A305F0042681F /* InfoPlist.strings */,
			);
			name = "Supporting Files";
			sourceTree = "<group>";
		};
/* End PBXGroup section */

/* Begin PBXNativeTarget section */
		A8088371198A305E0042681F /* TapTaps */ = {
			isa = PBXNativeTarget;
			buildConfigurationList = A808839E198A305F0042681F /* Build configuration list for PBXNativeTarget "TapTaps" */;
			buildPhases = (
				A808836E198A305E0042681F /* Sources */,
				A808836F198A305E0042681F /* Frameworks */,
				A8088370198A305E0042681F /* Resources */,
			);
			buildRules = (
			);
			dependencies = (
			);
			name = TapTaps;
			productName = TapTaps;
			productReference = A8088372198A305E0042681F /* TapTaps.app */;
			productType = "com.apple.product-type.application";
		};
		A808838C198A305F0042681F /* TapTapsTests */ = {
			isa = PBXNativeTarget;
			buildConfigurationList = A80883A1198A305F0042681F /* Build configuration list for PBXNativeTarget "TapTapsTests" */;
			buildPhases = (
				A8088389198A305F0042681F /* Sources */,
				A808838A198A305F0042681F /* Frameworks */,
				A808838B198A305F0042681F /* Resources */,
			);
			buildRules = (
			);
			dependencies = (
				A8088393198A305F0042681F /* PBXTargetDependency */,
			);
			name = TapTapsTests;
			productName = TapTapsTests;
			productReference = A808838D198A305F0042681F /* TapTapsTests.xctest */;
			productType = "com.apple.product-type.bundle.unit-test";
		};
/* End PBXNativeTarget section */

/* Begin PBXProject section */
		A808836A198A305E0042681F /* Project object */ = {
			isa = PBXProject;
			attributes = {
				CLASSPREFIX = BID;
				LastUpgradeCheck = 0510;
				ORGANIZATIONNAME = "___FULLUSERNAME___";
				TargetAttributes = {
					A808838C198A305F0042681F = {
						TestTargetID = A8088371198A305E0042681F;
					};
				};
			};
			buildConfigurationList = A808836D198A305E0042681F /* Build configuration list for PBXProject "TapTaps" */;
			compatibilityVersion = "Xcode 3.2";
			developmentRegion = English;
			hasScannedForEncodings = 0;
			knownRegions = (
				en,
			);
			mainGroup = A8088369198A305E0042681F;
			productRefGroup = A8088373198A305E0042681F /* Products */;
			projectDirPath = "";
			projectRoot = "";
			targets = (
				A8088371198A305E0042681F /* TapTaps */,
				A808838C198A305F0042681F /* TapTapsTests */,
			);
		};
/* End PBXProject section */

/* Begin PBXResourcesBuildPhase section */
		A8088370198A305E0042681F /* Resources */ = {
			isa = PBXResourcesBuildPhase;
			buildActionMask = 2147483647;
			files = (
				A80883A8198A30760042681F /* BIDViewController.xib in Resources */,
				A8088380198A305E0042681F /* InfoPlist.strings in Resources */,
				A8088388198A305E0042681F /* Images.xcassets in Resources */,
			);
			runOnlyForDeploymentPostprocessing = 0;
		};
		A808838B198A305F0042681F /* Resources */ = {
			isa = PBXResourcesBuildPhase;
			buildActionMask = 2147483647;
			files = (
				A8088399198A305F0042681F /* InfoPlist.strings in Resources */,
			);
			runOnlyForDeploymentPostprocessing = 0;
		};
/* End PBXResourcesBuildPhase section */

/* Begin PBXSourcesBuildPhase section */
		A808836E198A305E0042681F /* Sources */ = {
			isa = PBXSourcesBuildPhase;
			buildActionMask = 2147483647;
			files = (
				A8088386198A305E0042681F /* BIDAppDelegate.m in Sources */,
				A80883A7198A30760042681F /* BIDViewController.m in Sources */,
				A8088382198A305E0042681F /* main.m in Sources */,
			);
			runOnlyForDeploymentPostprocessing = 0;
		};
		A8088389198A305F0042681F /* Sources */ = {
			isa = PBXSourcesBuildPhase;
			buildActionMask = 2147483647;
			files = (
				A808839B198A305F0042681F /* TapTapsTests.m in Sources */,
			);
			runOnlyForDeploymentPostprocessing = 0;
		};
/* End PBXSourcesBuildPhase section */

/* Begin PBXTargetDependency section */
		A8088393198A305F0042681F /* PBXTargetDependency */ = {
			isa = PBXTargetDependency;
			target = A8088371198A305E0042681F /* TapTaps */;
			targetProxy = A8088392198A305F0042681F /* PBXContainerItemProxy */;
		};
/* End PBXTargetDependency section */

/* Begin PBXVariantGroup section */
		A808837E198A305E0042681F /* InfoPlist.strings */ = {
			isa = PBXVariantGroup;
			children = (
				A808837F198A305E0042681F /* en */,
			);
			name = InfoPlist.strings;
			sourceTree = "<group>";
		};
		A8088397198A305F0042681F /* InfoPlist.strings */ = {
			isa = PBXVariantGroup;
			children = (
				A8088398198A305F0042681F /* en */,
			);
			name = InfoPlist.strings;
			sourceTree = "<group>";
		};
/* End PBXVariantGroup section */

/* Begin XCBuildConfiguration section */
		A808839C198A305F0042681F /* Debug */ = {
			isa = XCBuildConfiguration;
			buildSettings = {
				ALWAYS_SEARCH_USER_PATHS = NO;
				CLANG_CXX_LANGUAGE_STANDARD = "gnu++0x";
				CLANG_CXX_LIBRARY = "libc++";
				CLANG_ENABLE_MODULES = YES;
				CLANG_ENABLE_OBJC_ARC = YES;
				CLANG_WARN_BOOL_CONVERSION = YES;
				CLANG_WARN_CONSTANT_CONVERSION = YES;
				CLANG_WARN_DIRECT_OBJC_ISA_USAGE = YES_ERROR;
				CLANG_WARN_EMPTY_BODY = YES;
				CLANG_WARN_ENUM_CONVERSION = YES;
				CLANG_WARN_INT_CONVERSION = YES;
				CLANG_WARN_OBJC_ROOT_CLASS = YES_ERROR;
				CLANG_WARN__DUPLICATE_METHOD_MATCH = YES;
				"CODE_SIGN_IDENTITY[sdk=iphoneos*]" = "iPhone Developer";
				COPY_PHASE_STRIP = NO;
				GCC_C_LANGUAGE_STANDARD = gnu99;
				GCC_DYNAMIC_NO_PIC = NO;
				GCC_OPTIMIZATION_LEVEL = 0;
				GCC_PREPROCESSOR_DEFINITIONS = (
					"DEBUG=1",
					"$(inherited)",
				);
				GCC_SYMBOLS_PRIVATE_EXTERN = NO;
				GCC_WARN_64_TO_32_BIT_CONVERSION = YES;
				GCC_WARN_ABOUT_RETURN_TYPE = YES_ERROR;
				GCC_WARN_UNDECLARED_SELECTOR = YES;
				GCC_WARN_UNINITIALIZED_AUTOS = YES_AGGRESSIVE;
				GCC_WARN_UNUSED_FUNCTION = YES;
				GCC_WARN_UNUSED_VARIABLE = YES;
				IPHONEOS_DEPLOYMENT_TARGET = 7.1;
				ONLY_ACTIVE_ARCH = YES;
				SDKROOT = iphoneos;
			};
			name = Debug;
		};
		A808839D198A305F0042681F /* Release */ = {
			isa = XCBuildConfiguration;
			buildSettings = {
				ALWAYS_SEARCH_USER_PATHS = NO;
				CLANG_CXX_LANGUAGE_STANDARD = "gnu++0x";
				CLANG_CXX_LIBRARY = "libc++";
				CLANG_ENABLE_MODULES = YES;
				CLANG_ENABLE_OBJC_ARC = YES;
				CLANG_WARN_BOOL_CONVERSION = YES;
				CLANG_WARN_CONSTANT_CONVERSION = YES;
				CLANG_WARN_DIRECT_OBJC_ISA_USAGE = YES_ERROR;
				CLANG_WARN_EMPTY_BODY = YES;
				CLANG_WARN_ENUM_CONVERSION = YES;
				CLANG_WARN_INT_CONVERSION = YES;
				CLANG_WARN_OBJC_ROOT_CLASS = YES_ERROR;
				CLANG_WARN__DUPLICATE_METHOD_MATCH = YES;
				"CODE_SIGN_IDENTITY[sdk=iphoneos*]" = "iPhone Developer";
				COPY_PHASE_STRIP = YES;
				ENABLE_NS_ASSERTIONS = NO;
				GCC_C_LANGUAGE_STANDARD = gnu99;
				GCC_WARN_64_TO_32_BIT_CONVERSION = YES;
				GCC_WARN_ABOUT_RETURN_TYPE = YES_ERROR;
				GCC_WARN_UNDECLARED_SELECTOR = YES;
				GCC_WARN_UNINITIALIZED_AUTOS = YES_AGGRESSIVE;
				GCC_WARN_UNUSED_FUNCTION = YES;
				GCC_WARN_UNUSED_VARIABLE = YES;
				IPHONEOS_DEPLOYMENT_TARGET = 7.1;
				SDKROOT = iphoneos;
				VALIDATE_PRODUCT = YES;
			};
			name = Release;
		};
		A808839F198A305F0042681F /* Debug */ = {
			isa = XCBuildConfiguration;
			buildSettings = {
				ASSETCATALOG_COMPILER_APPICON_NAME = AppIcon;
				ASSETCATALOG_COMPILER_LAUNCHIMAGE_NAME = LaunchImage;
				GCC_PRECOMPILE_PREFIX_HEADER = YES;
				GCC_PREFIX_HEADER = "TapTaps/TapTaps-Prefix.pch";
				INFOPLIST_FILE = "TapTaps/TapTaps-Info.plist";
				IPHONEOS_DEPLOYMENT_TARGET = 6.1;
				PRODUCT_NAME = "$(TARGET_NAME)";
				WRAPPER_EXTENSION = app;
			};
			name = Debug;
		};
		A80883A0198A305F0042681F /* Release */ = {
			isa = XCBuildConfiguration;
			buildSettings = {
				ASSETCATALOG_COMPILER_APPICON_NAME = AppIcon;
				ASSETCATALOG_COMPILER_LAUNCHIMAGE_NAME = LaunchImage;
				GCC_PRECOMPILE_PREFIX_HEADER = YES;
				GCC_PREFIX_HEADER = "TapTaps/TapTaps-Prefix.pch";
				INFOPLIST_FILE = "TapTaps/TapTaps-Info.plist";
				IPHONEOS_DEPLOYMENT_TARGET = 6.1;
				PRODUCT_NAME = "$(TARGET_NAME)";
				WRAPPER_EXTENSION = app;
			};
			name = Release;
		};
		A80883A2198A305F0042681F /* Debug */ = {
			isa = XCBuildConfiguration;
			buildSettings = {
				BUNDLE_LOADER = "$(BUILT_PRODUCTS_DIR)/TapTaps.app/TapTaps";
				FRAMEWORK_SEARCH_PATHS = (
					"$(SDKROOT)/Developer/Library/Frameworks",
					"$(inherited)",
					"$(DEVELOPER_FRAMEWORKS_DIR)",
				);
				GCC_PRECOMPILE_PREFIX_HEADER = YES;
				GCC_PREFIX_HEADER = "TapTaps/TapTaps-Prefix.pch";
				GCC_PREPROCESSOR_DEFINITIONS = (
					"DEBUG=1",
					"$(inherited)",
				);
				INFOPLIST_FILE = "TapTapsTests/TapTapsTests-Info.plist";
				PRODUCT_NAME = "$(TARGET_NAME)";
				TEST_HOST = "$(BUNDLE_LOADER)";
				WRAPPER_EXTENSION = xctest;
			};
			name = Debug;
		};
		A80883A3198A305F0042681F /* Release */ = {
			isa = XCBuildConfiguration;
			buildSettings = {
				BUNDLE_LOADER = "$(BUILT_PRODUCTS_DIR)/TapTaps.app/TapTaps";
				FRAMEWORK_SEARCH_PATHS = (
					"$(SDKROOT)/Developer/Library/Frameworks",
					"$(inherited)",
					"$(DEVELOPER_FRAMEWORKS_DIR)",
				);
				GCC_PRECOMPILE_PREFIX_HEADER = YES;
				GCC_PREFIX_HEADER = "TapTaps/TapTaps-Prefix.pch";
				INFOPLIST_FILE = "TapTapsTests/TapTapsTests-Info.plist";
				PRODUCT_NAME = "$(TARGET_NAME)";
				TEST_HOST = "$(BUNDLE_LOADER)";
				WRAPPER_EXTENSION = xctest;
			};
			name = Release;
		};
/* End XCBuildConfiguration section */

/* Begin XCConfigurationList section */
		A808836D198A305E0042681F /* Build configuration list for PBXProject "TapTaps" */ = {
			isa = XCConfigurationList;
			buildConfigurations = (
				A808839C198A305F0042681F /* Debug */,
				A808839D198A305F0042681F /* Release */,
			);
			defaultConfigurationIsVisible = 0;
			defaultConfigurationName = Release;
		};
		A808839E198A305F0042681F /* Build configuration list for PBXNativeTarget "TapTaps" */ = {
			isa = XCConfigurationList;
			buildConfigurations = (
				A808839F198A305F0042681F /* Debug */,
				A80883A0198A305F0042681F /* Release */,
			);
			defaultConfigurationIsVisible = 0;
		};
		A80883A1198A305F0042681F /* Build configuration list for PBXNativeTarget "TapTapsTests" */ = {
			isa = XCConfigurationList;
			buildConfigurations = (
				A80883A2198A305F0042681F /* Debug */,
				A80883A3198A305F0042681F /* Release */,
			);
			defaultConfigurationIsVisible = 0;
		};
/* End XCConfigurationList section */
	};
	rootObject = A808836A198A305E0042681F /* Project object */;
}
